
Microsoft Visual Studio Solution File, Format Version 12.00
# Visual Studio 15
VisualStudioVersion = 15.0.28307.1433
MinimumVisualStudioVersion = 10.0.40219.1
Project("{8BC9CEB8-8B4A-11D0-8D11-00A0C91BC942}") = "Lab3.1A", "Lab3.1A\Lab3.1A.vcxproj", "{F0F5EC33-6C43-4025-BA88-9458621BA977}"
EndProject
Project("{8BC9CEB8-8B4A-11D0-8D11-00A0C91BC942}") = "UnitTestLab3.1A", "UnitTestLab3.1A\UnitTestLab3.1A.vcxproj", "{1F252478-B799-4C5C-804B-C3830E09B364}"
EndProject
Global
	GlobalSection(SolutionConfigurationPlatforms) = preSolution
		Debug|x64 = Debug|x64
		Debug|x86 = Debug|x86
		Release|x64 = Release|x64
		Release|x86 = Release|x86
	EndGlobalSection
	GlobalSection(ProjectConfigurationPlatforms) = postSolution
		{F0F5EC33-6C43-4025-BA88-9458621BA977}.Debug|x64.ActiveCfg = Debug|x64
		{F0F5EC33-6C43-4025-BA88-9458621BA977}.Debug|x64.Build.0 = Debug|x64
		{F0F5EC33-6C43-4025-BA88-9458621BA977}.Debug|x86.ActiveCfg = Debug|Win32
		{F0F5EC33-6C43-4025-BA88-9458621BA977}.Debug|x86.Build.0 = Debug|Win32
		{F0F5EC33-6C43-4025-BA88-9458621BA977}.Release|x64.ActiveCfg = Release|x64
		{F0F5EC33-6C43-4025-BA88-9458621BA977}.Release|x64.Build.0 = Release|x64
		{F0F5EC33-6C43-4025-BA88-9458621BA977}.Release|x86.ActiveCfg = Release|Win32
		{F0F5EC33-6C43-4025-BA88-9458621BA977}.Release|x86.Build.0 = Release|Win32
		{1F252478-B799-4C5C-804B-C3830E09B364}.Debug|x64.ActiveCfg = Debug|x64
		{1F252478-B799-4C5C-804B-C3830E09B364}.Debug|x64.Build.0 = Debug|x64
		{1F252478-B799-4C5C-804B-C3830E09B364}.Debug|x86.ActiveCfg = Debug|Win32
		{1F252478-B799-4C5C-804B-C3830E09B364}.Debug|x86.Build.0 = Debug|Win32
		{1F252478-B799-4C5C-804B-C3830E09B364}.Release|x64.ActiveCfg = Release|x64
		{1F252478-B799-4C5C-804B-C3830E09B364}.Release|x64.Build.0 = Release|x64
		{1F252478-B799-4C5C-804B-C3830E09B364}.Release|x86.ActiveCfg = Release|Win32
		{1F252478-B799-4C5C-804B-C3830E09B364}.Release|x86.Build.0 = Release|Win32
	EndGlobalSection
	GlobalSection(SolutionProperties) = preSolution
		HideSolutionNode = FALSE
	EndGlobalSection
	GlobalSection(ExtensibilityGlobals) = postSolution
		SolutionGuid = {22BF1EAC-F1ED-4F62-921A-5360ABAFB76E}
	EndGlobalSection
EndGlobal
